
Microsoft Visual Studio Solution File, Format Version 12.00
# Visual Studio Version 17
VisualStudioVersion = 17.10.34916.146
MinimumVisualStudioVersion = 10.0.40219.1
Project("{9A19103F-16F7-4668-BE54-9A1E7A4F7556}") = "EventSender.WebApi", "EventSender\EventSender.WebApi.csproj", "{3810C832-CAD0-420D-A703-F397F063584C}"
EndProject
Project("{2150E333-8FDC-42A3-9474-1A3956D46DE8}") = "Presentation", "Presentation", "{C7F1AA47-D5EE-4AB3-9424-DF5ADC830263}"
EndProject
Project("{2150E333-8FDC-42A3-9474-1A3956D46DE8}") = "Infrastructure", "Infrastructure", "{31165293-3B99-4BB7-A76E-18EA8403130F}"
EndProject
Project("{9A19103F-16F7-4668-BE54-9A1E7A4F7556}") = "EventSender.Infrastructure", "EventSender.Infrastructure\EventSender.Infrastructure.csproj", "{77011CCD-A5D9-4F87-97E2-3470A03F7C62}"
EndProject
Project("{9A19103F-16F7-4668-BE54-9A1E7A4F7556}") = "EventSender.Domain", "EventSender.Domain\EventSender.Domain.csproj", "{29603F7C-0FC5-4A62-BD80-C2305779E931}"
EndProject
Project("{2150E333-8FDC-42A3-9474-1A3956D46DE8}") = "Core", "Core", "{FFF11245-E4F6-4BB1-B9B9-26B75BC27EF7}"
EndProject
Project("{FAE04EC0-301F-11D3-BF4B-00C04F79EFBC}") = "EventSender.Application", "EventSender.Application\EventSender.Application.csproj", "{3B3372C6-9F1F-4CC7-A40E-14B79CE4D485}"
EndProject
Global
	GlobalSection(SolutionConfigurationPlatforms) = preSolution
		Debug|Any CPU = Debug|Any CPU
		Release|Any CPU = Release|Any CPU
	EndGlobalSection
	GlobalSection(ProjectConfigurationPlatforms) = postSolution
		{3810C832-CAD0-420D-A703-F397F063584C}.Debug|Any CPU.ActiveCfg = Debug|Any CPU
		{3810C832-CAD0-420D-A703-F397F063584C}.Debug|Any CPU.Build.0 = Debug|Any CPU
		{3810C832-CAD0-420D-A703-F397F063584C}.Release|Any CPU.ActiveCfg = Release|Any CPU
		{3810C832-CAD0-420D-A703-F397F063584C}.Release|Any CPU.Build.0 = Release|Any CPU
		{77011CCD-A5D9-4F87-97E2-3470A03F7C62}.Debug|Any CPU.ActiveCfg = Debug|Any CPU
		{77011CCD-A5D9-4F87-97E2-3470A03F7C62}.Debug|Any CPU.Build.0 = Debug|Any CPU
		{77011CCD-A5D9-4F87-97E2-3470A03F7C62}.Release|Any CPU.ActiveCfg = Release|Any CPU
		{77011CCD-A5D9-4F87-97E2-3470A03F7C62}.Release|Any CPU.Build.0 = Release|Any CPU
		{29603F7C-0FC5-4A62-BD80-C2305779E931}.Debug|Any CPU.ActiveCfg = Debug|Any CPU
		{29603F7C-0FC5-4A62-BD80-C2305779E931}.Debug|Any CPU.Build.0 = Debug|Any CPU
		{29603F7C-0FC5-4A62-BD80-C2305779E931}.Release|Any CPU.ActiveCfg = Release|Any CPU
		{29603F7C-0FC5-4A62-BD80-C2305779E931}.Release|Any CPU.Build.0 = Release|Any CPU
		{3B3372C6-9F1F-4CC7-A40E-14B79CE4D485}.Debug|Any CPU.ActiveCfg = Debug|Any CPU
		{3B3372C6-9F1F-4CC7-A40E-14B79CE4D485}.Debug|Any CPU.Build.0 = Debug|Any CPU
		{3B3372C6-9F1F-4CC7-A40E-14B79CE4D485}.Release|Any CPU.ActiveCfg = Release|Any CPU
		{3B3372C6-9F1F-4CC7-A40E-14B79CE4D485}.Release|Any CPU.Build.0 = Release|Any CPU
	EndGlobalSection
	GlobalSection(SolutionProperties) = preSolution
		HideSolutionNode = FALSE
	EndGlobalSection
	GlobalSection(NestedProjects) = preSolution
		{3810C832-CAD0-420D-A703-F397F063584C} = {C7F1AA47-D5EE-4AB3-9424-DF5ADC830263}
		{77011CCD-A5D9-4F87-97E2-3470A03F7C62} = {31165293-3B99-4BB7-A76E-18EA8403130F}
		{29603F7C-0FC5-4A62-BD80-C2305779E931} = {FFF11245-E4F6-4BB1-B9B9-26B75BC27EF7}
		{3B3372C6-9F1F-4CC7-A40E-14B79CE4D485} = {FFF11245-E4F6-4BB1-B9B9-26B75BC27EF7}
	EndGlobalSection
	GlobalSection(ExtensibilityGlobals) = postSolution
		SolutionGuid = {3A63B1E2-4B84-48CE-8A7D-BF56C31A0AF6}
	EndGlobalSection
EndGlobal
